<?xml version="1.0" encoding="utf-8"?>
<Project ToolsVersion="4.0" xmlns="http://schemas.microsoft.com/developer/msbuild/2003">
  <ItemGroup>
    <Filter Include="Source Files">
      <UniqueIdentifier>{4FC737F1-C7A5-4376-A066-2A32D752A2FF}</UniqueIdentifier>
      <Extensions>qml;cpp;c;cc;cxx;def;odl;idl;hpj;bat;asm;asmx</Extensions>
    </Filter>
    <Filter Include="Header Files">
      <UniqueIdentifier>{93995380-89BD-4b04-88EB-625FBE52EBFB}</UniqueIdentifier>
      <Extensions>h;hh;hpp;hxx;hm;inl;inc;xsd</Extensions>
    </Filter>
    <Filter Include="Resource Files">
      <UniqueIdentifier>{67DA6AB6-F800-4c08-8B7A-83BB121AAD01}</UniqueIdentifier>
      <Extensions>qrc;rc;ico;cur;bmp;dlg;rc2;rct;bin;rgs;gif;jpg;jpeg;jpe;resx;tiff;tif;png;wav;mfcribbon-ms</Extensions>
    </Filter>
    <Filter Include="Form Files">
      <UniqueIdentifier>{99349809-55BA-4b9d-BF79-8FDBB0286EB3}</UniqueIdentifier>
      <Extensions>ui</Extensions>
    </Filter>
    <Filter Include="Translation Files">
      <UniqueIdentifier>{639EADAA-A684-42e4-A9AD-28FC9BCB8F7C}</UniqueIdentifier>
      <Extensions>ts</Extensions>
    </Filter>
  </ItemGroup>
  <ItemGroup>
    <QtRcc Include="mainWidget.qrc">
      <Filter>Resource Files</Filter>
    </QtRcc>
    <QtUic Include="mainWidget.ui">
      <Filter>Form Files</Filter>
    </QtUic>
    <QtMoc Include="mainWidget.h">
      <Filter>Header Files</Filter>
    </QtMoc>
    <ClCompile Include="mainWidget.cpp">
      <Filter>Source Files</Filter>
    </ClCompile>
    <QtRcc Include="Resource.qrc">
      <Filter>Resource Files</Filter>
    </QtRcc>
  </ItemGroup>
  <ItemGroup>
    <ClCompile Include="main.cpp">
      <Filter>Source Files</Filter>
    </ClCompile>
    <ClCompile Include="occView.cpp">
      <Filter>Source Files</Filter>
    </ClCompile>
    <ClCompile Include="GFTreeModelWidget.cpp">
      <Filter>Source Files</Filter>
    </ClCompile>
    <ClCompile Include="GFImportModelWidget.cpp">
      <Filter>Source Files</Filter>
    </ClCompile>
    <ClCompile Include="GFLogWidget.cpp">
      <Filter>Source Files</Filter>
    </ClCompile>
    <ClCompile Include="AuxiliaryAnalysisWidget.cpp">
      <Filter>Source Files</Filter>
    </ClCompile>
    <ClCompile Include="DatabaseWidget.cpp">
      <Filter>Source Files</Filter>
    </ClCompile>
    <ClCompile Include="ParamAnalyWidget.cpp">
      <Filter>Source Files</Filter>
    </ClCompile>
    <ClCompile Include="GFParamAnalyWidget.cpp">
      <Filter>Source Files</Filter>
    </ClCompile>
    <ClCompile Include="GFTreeParamAnalyWidget.cpp">
      <Filter>Source Files</Filter>
    </ClCompile>
    <ClCompile Include="PropertyWidget\BasePropertyWidget.cpp">
      <Filter>Source Files</Filter>
    </ClCompile>
    <ClCompile Include="PropertyWidget\GeomPropertyWidget.cpp">
      <Filter>Source Files</Filter>
    </ClCompile>
    <ClCompile Include="PropertyWidget\MaterialPropertyWidget.cpp">
      <Filter>Source Files</Filter>
    </ClCompile>
    <ClCompile Include="PropertyWidget\MeshPropertyWidget.cpp">
      <Filter>Source Files</Filter>
    </ClCompile>
    <ClCompile Include="PropertyWidget\ResultsPropertyWidget.cpp">
      <Filter>Source Files</Filter>
    </ClCompile>
    <ClCompile Include="PropertyWidget\SettingPropertyWidget.cpp">
      <Filter>Source Files</Filter>
    </ClCompile>
    <ClCompile Include="PropertyWidget\FallPropertyWidget.cpp">
      <Filter>Source Files</Filter>
    </ClCompile>
    <ClCompile Include="PropertyWidget\FastCombustionPropertyWidget.cpp">
      <Filter>Source Files</Filter>
    </ClCompile>
    <ClCompile Include="PropertyWidget\SlowCombustionPropertyWidget.cpp">
      <Filter>Source Files</Filter>
    </ClCompile>
    <ClCompile Include="PropertyWidget\StressResultWidget.cpp">
      <Filter>Source Files</Filter>
    </ClCompile>
    <ClCompile Include="PropertyWidget\TemperatureResultWidget.cpp">
      <Filter>Source Files</Filter>
    </ClCompile>
    <ClCompile Include="PropertyWidget\OverpressureResultWidget.cpp">
      <Filter>Source Files</Filter>
    </ClCompile>
    <ClCompile Include="PropertyWidget\SteelPropertyWidget.cpp">
      <Filter>Source Files</Filter>
    </ClCompile>
    <ClCompile Include="PropertyWidget\PropellantPropertyWidget.cpp">
      <Filter>Source Files</Filter>
    </ClCompile>
    <ClCompile Include="PropertyWidget\ProjectPropertyWidge.cpp">
      <Filter>Source Files</Filter>
    </ClCompile>
    <ClCompile Include="DataStructure\TriangleStructure.cpp">
      <Filter>Source Files</Filter>
    </ClCompile>
    <ClCompile Include="DataStructure\ModelDataManager.cpp">
      <Filter>Source Files</Filter>
    </ClCompile>
    <ClCompile Include="LoginDialog.cpp">
      <Filter>Source Files</Filter>
    </ClCompile>
    <ClCompile Include="PropertyWidget\CalculationPropertyWidget.cpp">
      <Filter>Source Files</Filter>
    </ClCompile>
    <ClCompile Include="PropertyWidget\InsulatingheatPropertyWidget.cpp">
      <Filter>Source Files</Filter>
    </ClCompile>
    <ClCompile Include="PropertyWidget\JudgmentPropertyWidget.cpp">
      <Filter>Source Files</Filter>
    </ClCompile>
    <ClCompile Include="PropertyWidget\OutheatPropertyWidget.cpp">
      <Filter>Source Files</Filter>
    </ClCompile>
    <ClCompile Include="GFTreeWidget.cpp">
      <Filter>Source Files</Filter>
    </ClCompile>
    <ClCompile Include="GFTreeWidgetItemDelegate.cpp">
      <Filter>Source Files</Filter>
    </ClCompile>
    <ClCompile Include="ProgressDialog.cpp">
      <Filter>Source Files</Filter>
    </ClCompile>
    <ClCompile Include="GeometryImportWorker.cpp">
      <Filter>Source Files</Filter>
    </ClCompile>
  </ItemGroup>
  <ItemGroup>
    <QtMoc Include="occView.h">
      <Filter>Header Files</Filter>
    </QtMoc>
    <QtMoc Include="GFTreeModelWidget.h">
      <Filter>Header Files</Filter>
    </QtMoc>
    <QtMoc Include="GFImportModelWidget.h">
      <Filter>Header Files</Filter>
    </QtMoc>
    <QtMoc Include="GFLogWidget.h">
      <Filter>Header Files</Filter>
    </QtMoc>
    <QtMoc Include="AuxiliaryAnalysisWidget.h">
      <Filter>Header Files</Filter>
    </QtMoc>
    <QtMoc Include="DatabaseWidget.h">
      <Filter>Header Files</Filter>
    </QtMoc>
    <QtMoc Include="ParamAnalyWidget.h">
      <Filter>Header Files</Filter>
    </QtMoc>
    <QtMoc Include="GFParamAnalyWidget.h">
      <Filter>Header Files</Filter>
    </QtMoc>
    <QtMoc Include="GFTreeParamAnalyWidget.h">
      <Filter>Header Files</Filter>
    </QtMoc>
    <QtMoc Include="PropertyWidget\BasePropertyWidget.h">
      <Filter>Header Files</Filter>
    </QtMoc>
    <QtMoc Include="PropertyWidget\GeomPropertyWidget.h">
      <Filter>Header Files</Filter>
    </QtMoc>
    <QtMoc Include="PropertyWidget\MaterialPropertyWidget.h">
      <Filter>Header Files</Filter>
    </QtMoc>
    <QtMoc Include="PropertyWidget\MeshPropertyWidget.h">
      <Filter>Header Files</Filter>
    </QtMoc>
    <QtMoc Include="PropertyWidget\ResultsPropertyWidget.h">
      <Filter>Header Files</Filter>
    </QtMoc>
    <QtMoc Include="PropertyWidget\SettingPropertyWidget.h">
      <Filter>Header Files</Filter>
    </QtMoc>
    <QtMoc Include="PropertyWidget\FallPropertyWidget.h">
      <Filter>Header Files</Filter>
    </QtMoc>
    <QtMoc Include="PropertyWidget\FastCombustionPropertyWidget.h">
      <Filter>Header Files</Filter>
    </QtMoc>
    <QtMoc Include="PropertyWidget\SlowCombustionPropertyWidget.h">
      <Filter>Header Files</Filter>
    </QtMoc>
    <QtMoc Include="PropertyWidget\OverpressureResultWidget.h">
      <Filter>Header Files</Filter>
    </QtMoc>
    <QtMoc Include="PropertyWidget\TemperatureResultWidget.h">
      <Filter>Header Files</Filter>
    </QtMoc>
    <QtMoc Include="PropertyWidget\StressResultWidget.h">
      <Filter>Header Files</Filter>
    </QtMoc>
    <QtMoc Include="PropertyWidget\PropellantPropertyWidget.h">
      <Filter>Header Files</Filter>
    </QtMoc>
    <QtMoc Include="PropertyWidget\SteelPropertyWidget.h">
      <Filter>Header Files</Filter>
    </QtMoc>
    <QtMoc Include="PropertyWidget\ProjectPropertyWidge.h">
      <Filter>Header Files</Filter>
    </QtMoc>
    <QtMoc Include="DataStructure\ModelDataManager.h">
      <Filter>Header Files</Filter>
    </QtMoc>
    <QtMoc Include="LoginDialog.h">
      <Filter>Header Files</Filter>
    </QtMoc>
    <QtMoc Include="PropertyWidget\CalculationPropertyWidget.h">
      <Filter>Header Files</Filter>
    </QtMoc>
    <QtMoc Include="PropertyWidget\InsulatingheatPropertyWidget.h">
      <Filter>Header Files</Filter>
    </QtMoc>
    <QtMoc Include="PropertyWidget\JudgmentPropertyWidget.h">
      <Filter>Header Files</Filter>
    </QtMoc>
    <QtMoc Include="PropertyWidget\OutheatPropertyWidget.h">
      <Filter>Header Files</Filter>
    </QtMoc>
    <QtMoc Include="GFTreeWidgetItemDelegate.h">
      <Filter>Header Files</Filter>
    </QtMoc>
    <QtMoc Include="GFTreeWidget.h">
      <Filter>Header Files</Filter>
    </QtMoc>
    <QtMoc Include="ProgressDialog.h">
      <Filter>Header Files</Filter>
    </QtMoc>
    <QtMoc Include="GeometryImportWorker.h">
      <Filter>Header Files</Filter>
    </QtMoc>
  </ItemGroup>
  <ItemGroup>
    <QtUic Include="AuxiliaryAnalysisWidget.ui">
      <Filter>Form Files</Filter>
    </QtUic>
    <QtUic Include="DatabaseWidget.ui">
      <Filter>Form Files</Filter>
    </QtUic>
    <QtUic Include="ParamAnalyWidget.ui">
      <Filter>Form Files</Filter>
    </QtUic>
  </ItemGroup>
  <ItemGroup>
    <ClInclude Include="DataStructure\TriangleStructure.h">
      <Filter>Header Files</Filter>
    </ClInclude>
    <ClInclude Include="Algrithm\colour_change_algrithm.h">
      <Filter>Header Files</Filter>
    </ClInclude>
  </ItemGroup>
</Project>